// !$*UTF8*$!
{
	archiveVersion = 1;
	classes = {
	};
	objectVersion = 46;
	objects = {

/* Begin PBXBuildFile section */
		CEA881321DBE6FCB00AA37D8 /* AppDelegate.swift in Sources */ = {isa = PBXBuildFile; fileRef = CEA881311DBE6FCB00AA37D8 /* AppDelegate.swift */; };
		CEA881341DBE6FCB00AA37D8 /* ViewController.swift in Sources */ = {isa = PBXBuildFile; fileRef = CEA881331DBE6FCB00AA37D8 /* ViewController.swift */; };
		CEA881371DBE6FCB00AA37D8 /* Main.storyboard in Resources */ = {isa = PBXBuildFile; fileRef = CEA881351DBE6FCB00AA37D8 /* Main.storyboard */; };
		CEA8813A1DBE6FCB00AA37D8 /* Remind_Me.xcdatamodeld in Sources */ = {isa = PBXBuildFile; fileRef = CEA881381DBE6FCB00AA37D8 /* Remind_Me.xcdatamodeld */; };
		CEA8813C1DBE6FCB00AA37D8 /* Assets.xcassets in Resources */ = {isa = PBXBuildFile; fileRef = CEA8813B1DBE6FCB00AA37D8 /* Assets.xcassets */; };
		CEA8813F1DBE6FCB00AA37D8 /* LaunchScreen.storyboard in Resources */ = {isa = PBXBuildFile; fileRef = CEA8813D1DBE6FCB00AA37D8 /* LaunchScreen.storyboard */; };
/* End PBXBuildFile section */

/* Begin PBXFileReference section */
		CEA8812E1DBE6FCA00AA37D8 /* Remind_Me.app */ = {isa = PBXFileReference; explicitFileType = wrapper.application; includeInIndex = 0; path = Remind_Me.app; sourceTree = BUILT_PRODUCTS_DIR; };
		CEA881311DBE6FCB00AA37D8 /* AppDelegate.swift */ = {isa = PBXFileReference; lastKnownFileType = sourcecode.swift; path = AppDelegate.swift; sourceTree = "<group>"; };
		CEA881331DBE6FCB00AA37D8 /* ViewController.swift */ = {isa = PBXFileReference; lastKnownFileType = sourcecode.swift; path = ViewController.swift; sourceTree = "<group>"; };
		CEA881361DBE6FCB00AA37D8 /* Base */ = {isa = PBXFileReference; lastKnownFileType = file.storyboard; name = Base; path = Base.lproj/Main.storyboard; sourceTree = "<group>"; };
		CEA881391DBE6FCB00AA37D8 /* Remind_Me.xcdatamodel */ = {isa = PBXFileReference; lastKnownFileType = wrapper.xcdatamodel; path = Remind_Me.xcdatamodel; sourceTree = "<group>"; };
		CEA8813B1DBE6FCB00AA37D8 /* Assets.xcassets */ = {isa = PBXFileReference; lastKnownFileType = folder.assetcatalog; path = Assets.xcassets; sourceTree = "<group>"; };
		CEA8813E1DBE6FCB00AA37D8 /* Base */ = {isa = PBXFileReference; lastKnownFileType = file.storyboard; name = Base; path = Base.lproj/LaunchScreen.storyboard; sourceTree = "<group>"; };
		CEA881401DBE6FCB00AA37D8 /* Info.plist */ = {isa = PBXFileReference; lastKnownFileType = text.plist.xml; path = Info.plist; sourceTree = "<group>"; };
/* End PBXFileReference section */

/* Begin PBXFrameworksBuildPhase section */
		CEA8812B1DBE6FCA00AA37D8 /* Frameworks */ = {
			isa = PBXFrameworksBuildPhase;
			buildActionMask = 2147483647;
			files = (
			);
			runOnlyForDeploymentPostprocessing = 0;
		};
/* End PBXFrameworksBuildPhase section */

/* Begin PBXGroup section */
		CEA881251DBE6FC900AA37D8 = {
			isa = PBXGroup;
			children = (
				CEA881301DBE6FCA00AA37D8 /* Remind_Me */,
				CEA8812F1DBE6FCA00AA37D8 /* Products */,
			);
			sourceTree = "<group>";
		};
		CEA8812F1DBE6FCA00AA37D8 /* Products */ = {
			isa = PBXGroup;
			children = (
				CEA8812E1DBE6FCA00AA37D8 /* Remind_Me.app */,
			);
			name = Products;
			sourceTree = "<group>";
		};
		CEA881301DBE6FCA00AA37D8 /* Remind_Me */ = {
			isa = PBXGroup;
			children = (
				CEA881311DBE6FCB00AA37D8 /* AppDelegate.swift */,
				CEA881331DBE6FCB00AA37D8 /* ViewController.swift */,
				CEA881351DBE6FCB00AA37D8 /* Main.storyboard */,
				CEA8813B1DBE6FCB00AA37D8 /* Assets.xcassets */,
				CEA8813D1DBE6FCB00AA37D8 /* LaunchScreen.storyboard */,
				CEA881401DBE6FCB00AA37D8 /* Info.plist */,
				CEA881381DBE6FCB00AA37D8 /* Remind_Me.xcdatamodeld */,
			);
			path = Remind_Me;
			sourceTree = "<group>";
		};
/* End PBXGroup section */

/* Begin PBXNativeTarget section */
		CEA8812D1DBE6FCA00AA37D8 /* Remind_Me */ = {
			isa = PBXNativeTarget;
			buildConfigurationList = CEA881431DBE6FCB00AA37D8 /* Build configuration list for PBXNativeTarget "Remind_Me" */;
			buildPhases = (
				CEA8812A1DBE6FCA00AA37D8 /* Sources */,
				CEA8812B1DBE6FCA00AA37D8 /* Frameworks */,
				CEA8812C1DBE6FCA00AA37D8 /* Resources */,
			);
			buildRules = (
			);
			dependencies = (
			);
			name = Remind_Me;
			productName = Remind_Me;
			productReference = CEA8812E1DBE6FCA00AA37D8 /* Remind_Me.app */;
			productType = "com.apple.product-type.application";
		};
/* End PBXNativeTarget section */

/* Begin PBXProject section */
		CEA881261DBE6FC900AA37D8 /* Project object */ = {
			isa = PBXProject;
			attributes = {
				LastSwiftUpdateCheck = 0800;
				LastUpgradeCheck = 0800;
				ORGANIZATIONNAME = "Avinash Talreja";
				TargetAttributes = {
					CEA8812D1DBE6FCA00AA37D8 = {
						CreatedOnToolsVersion = 8.0;
						DevelopmentTeam = 625732G463;
						ProvisioningStyle = Automatic;
					};
				};
			};
			buildConfigurationList = CEA881291DBE6FC900AA37D8 /* Build configuration list for PBXProject "Remind_Me" */;
			compatibilityVersion = "Xcode 3.2";
			developmentRegion = English;
			hasScannedForEncodings = 0;
			knownRegions = (
				en,
				Base,
			);
			mainGroup = CEA881251DBE6FC900AA37D8;
			productRefGroup = CEA8812F1DBE6FCA00AA37D8 /* Products */;
			projectDirPath = "";
			projectRoot = "";
			targets = (
				CEA8812D1DBE6FCA00AA37D8 /* Remind_Me */,
			);
		};
/* End PBXProject section */

/* Begin PBXResourcesBuildPhase section */
		CEA8812C1DBE6FCA00AA37D8 /* Resources */ = {
			isa = PBXResourcesBuildPhase;
			buildActionMask = 2147483647;
			files = (
				CEA8813F1DBE6FCB00AA37D8 /* LaunchScreen.storyboard in Resources */,
				CEA8813C1DBE6FCB00AA37D8 /* Assets.xcassets in Resources */,
				CEA881371DBE6FCB00AA37D8 /* Main.storyboard in Resources */,
			);
			runOnlyForDeploymentPostprocessing = 0;
		};
/* End PBXResourcesBuildPhase section */

/* Begin PBXSourcesBuildPhase section */
		CEA8812A1DBE6FCA00AA37D8 /* Sources */ = {
			isa = PBXSourcesBuildPhase;
			buildActionMask = 2147483647;
			files = (
				CEA881341DBE6FCB00AA37D8 /* ViewController.swift in Sources */,
				CEA881321DBE6FCB00AA37D8 /* AppDelegate.swift in Sources */,
				CEA8813A1DBE6FCB00AA37D8 /* Remind_Me.xcdatamodeld in Sources */,
			);
			runOnlyForDeploymentPostprocessing = 0;
		};
/* End PBXSourcesBuildPhase section */

/* Begin PBXVariantGroup section */
		CEA881351DBE6FCB00AA37D8 /* Main.storyboard */ = {
			isa = PBXVariantGroup;
			children = (
				CEA881361DBE6FCB00AA37D8 /* Base */,
			);
			name = Main.storyboard;
			sourceTree = "<group>";
		};
		CEA8813D1DBE6FCB00AA37D8 /* LaunchScreen.storyboard */ = {
			isa = PBXVariantGroup;
			children = (
				CEA8813E1DBE6FCB00AA37D8 /* Base */,
			);
			name = LaunchScreen.storyboard;
			sourceTree = "<group>";
		};
/* End PBXVariantGroup section */

/* Begin XCBuildConfiguration section */
		CEA881411DBE6FCB00AA37D8 /* Debug */ = {
			isa = XCBuildConfiguration;
			buildSettings = {
				ALWAYS_SEARCH_USER_PATHS = NO;
				CLANG_ANALYZER_NONNULL = YES;
				CLANG_CXX_LANGUAGE_STANDARD = "gnu++0x";
				CLANG_CXX_LIBRARY = "libc++";
				CLANG_ENABLE_MODULES = YES;
				CLANG_ENABLE_OBJC_ARC = YES;
				CLANG_WARN_BOOL_CONVERSION = YES;
				CLANG_WARN_CONSTANT_CONVERSION = YES;
				CLANG_WARN_DIRECT_OBJC_ISA_USAGE = YES_ERROR;
				CLANG_WARN_DOCUMENTATION_COMMENTS = YES;
				CLANG_WARN_EMPTY_BODY = YES;
				CLANG_WARN_ENUM_CONVERSION = YES;
				CLANG_WARN_INFINITE_RECURSION = YES;
				CLANG_WARN_INT_CONVERSION = YES;
				CLANG_WARN_OBJC_ROOT_CLASS = YES_ERROR;
				CLANG_WARN_SUSPICIOUS_MOVES = YES;
				CLANG_WARN_UNREACHABLE_CODE = YES;
				CLANG_WARN__DUPLICATE_METHOD_MATCH = YES;
				"CODE_SIGN_IDENTITY[sdk=iphoneos*]" = "iPhone Developer";
				COPY_PHASE_STRIP = NO;
				DEBUG_INFORMATION_FORMAT = dwarf;
				ENABLE_STRICT_OBJC_MSGSEND = YES;
				ENABLE_TESTABILITY = YES;
				GCC_C_LANGUAGE_STANDARD = gnu99;
				GCC_DYNAMIC_NO_PIC = NO;
				GCC_NO_COMMON_BLOCKS = YES;
				GCC_OPTIMIZATION_LEVEL = 0;
				GCC_PREPROCESSOR_DEFINITIONS = (
					"DEBUG=1",
					"$(inherited)",
				);
				GCC_WARN_64_TO_32_BIT_CONVERSION = YES;
				GCC_WARN_ABOUT_RETURN_TYPE = YES_ERROR;
				GCC_WARN_UNDECLARED_SELECTOR = YES;
				GCC_WARN_UNINITIALIZED_AUTOS = YES_AGGRESSIVE;
				GCC_WARN_UNUSED_FUNCTION = YES;
				GCC_WARN_UNUSED_VARIABLE = YES;
				IPHONEOS_DEPLOYMENT_TARGET = 10.0;
				MTL_ENABLE_DEBUG_INFO = YES;
				ONLY_ACTIVE_ARCH = YES;
				SDKROOT = iphoneos;
				SWIFT_ACTIVE_COMPILATION_CONDITIONS = DEBUG;
				SWIFT_OPTIMIZATION_LEVEL = "-Onone";
			};
			name = Debug;
		};
		CEA881421DBE6FCB00AA37D8 /* Release */ = {
			isa = XCBuildConfiguration;
			buildSettings = {
				ALWAYS_SEARCH_USER_PATHS = NO;
				CLANG_ANALYZER_NONNULL = YES;
				CLANG_CXX_LANGUAGE_STANDARD = "gnu++0x";
				CLANG_CXX_LIBRARY = "libc++";
				CLANG_ENABLE_MODULES = YES;
				CLANG_ENABLE_OBJC_ARC = YES;
				CLANG_WARN_BOOL_CONVERSION = YES;
				CLANG_WARN_CONSTANT_CONVERSION = YES;
				CLANG_WARN_DIRECT_OBJC_ISA_USAGE = YES_ERROR;
				CLANG_WARN_DOCUMENTATION_COMMENTS = YES;
				CLANG_WARN_EMPTY_BODY = YES;
				CLANG_WARN_ENUM_CONVERSION = YES;
				CLANG_WARN_INFINITE_RECURSION = YES;
				CLANG_WARN_INT_CONVERSION = YES;
				CLANG_WARN_OBJC_ROOT_CLASS = YES_ERROR;
				CLANG_WARN_SUSPICIOUS_MOVES = YES;
				CLANG_WARN_UNREACHABLE_CODE = YES;
				CLANG_WARN__DUPLICATE_METHOD_MATCH = YES;
				"CODE_SIGN_IDENTITY[sdk=iphoneos*]" = "iPhone Developer";
				COPY_PHASE_STRIP = NO;
				DEBUG_INFORMATION_FORMAT = "dwarf-with-dsym";
				ENABLE_NS_ASSERTIONS = NO;
				ENABLE_STRICT_OBJC_MSGSEND = YES;
				GCC_C_LANGUAGE_STANDARD = gnu99;
				GCC_NO_COMMON_BLOCKS = YES;
				GCC_WARN_64_TO_32_BIT_CONVERSION = YES;
				GCC_WARN_ABOUT_RETURN_TYPE = YES_ERROR;
				GCC_WARN_UNDECLARED_SELECTOR = YES;
				GCC_WARN_UNINITIALIZED_AUTOS = YES_AGGRESSIVE;
				GCC_WARN_UNUSED_FUNCTION = YES;
				GCC_WARN_UNUSED_VARIABLE = YES;
				IPHONEOS_DEPLOYMENT_TARGET = 10.0;
				MTL_ENABLE_DEBUG_INFO = NO;
				SDKROOT = iphoneos;
				SWIFT_OPTIMIZATION_LEVEL = "-Owholemodule";
				VALIDATE_PRODUCT = YES;
			};
			name = Release;
		};
		CEA881441DBE6FCB00AA37D8 /* Debug */ = {
			isa = XCBuildConfiguration;
			buildSettings = {
				ASSETCATALOG_COMPILER_APPICON_NAME = AppIcon;
				DEVELOPMENT_TEAM = 625732G463;
				INFOPLIST_FILE = Remind_Me/Info.plist;
				LD_RUNPATH_SEARCH_PATHS = "$(inherited) @executable_path/Frameworks";
				PRODUCT_BUNDLE_IDENTIFIER = "edu.uiowa.Remind-Me";
				PRODUCT_NAME = "$(TARGET_NAME)";
				SWIFT_VERSION = 3.0;
			};
			name = Debug;
		};
		CEA881451DBE6FCB00AA37D8 /* Release */ = {
			isa = XCBuildConfiguration;
			buildSettings = {
				ASSETCATALOG_COMPILER_APPICON_NAME = AppIcon;
				DEVELOPMENT_TEAM = 625732G463;
				INFOPLIST_FILE = Remind_Me/Info.plist;
				LD_RUNPATH_SEARCH_PATHS = "$(inherited) @executable_path/Frameworks";
				PRODUCT_BUNDLE_IDENTIFIER = "edu.uiowa.Remind-Me";
				PRODUCT_NAME = "$(TARGET_NAME)";
				SWIFT_VERSION = 3.0;
			};
			name = Release;
		};
/* End XCBuildConfiguration section */

/* Begin XCConfigurationList section */
		CEA881291DBE6FC900AA37D8 /* Build configuration list for PBXProject "Remind_Me" */ = {
			isa = XCConfigurationList;
			buildConfigurations = (
				CEA881411DBE6FCB00AA37D8 /* Debug */,
				CEA881421DBE6FCB00AA37D8 /* Release */,
			);
			defaultConfigurationIsVisible = 0;
			defaultConfigurationName = Release;
		};
		CEA881431DBE6FCB00AA37D8 /* Build configuration list for PBXNativeTarget "Remind_Me" */ = {
			isa = XCConfigurationList;
			buildConfigurations = (
				CEA881441DBE6FCB00AA37D8 /* Debug */,
				CEA881451DBE6FCB00AA37D8 /* Release */,
			);
			defaultConfigurationIsVisible = 0;
		};
/* End XCConfigurationList section */

/* Begin XCVersionGroup section */
		CEA881381DBE6FCB00AA37D8 /* Remind_Me.xcdatamodeld */ = {
			isa = XCVersionGroup;
			children = (
				CEA881391DBE6FCB00AA37D8 /* Remind_Me.xcdatamodel */,
			);
			currentVersion = CEA881391DBE6FCB00AA37D8 /* Remind_Me.xcdatamodel */;
			path = Remind_Me.xcdatamodeld;
			sourceTree = "<group>";
			versionGroupType = wrapper.xcdatamodel;
		};
/* End XCVersionGroup section */
	};
	rootObject = CEA881261DBE6FC900AA37D8 /* Project object */;
}
