// !$*UTF8*$!
{
	archiveVersion = 1;
	classes = {
	};
	objectVersion = 46;
	objects = {

/* Begin PBXBuildFile section */
		104805240C530370118511E4 /* Pods_Remind_Me.framework in Frameworks */ = {isa = PBXBuildFile; fileRef = 0A4FC5618B4CC319DD623D14 /* Pods_Remind_Me.framework */; };
		CC5073061DDA5A9E00900B79 /* MapsViewController.swift in Sources */ = {isa = PBXBuildFile; fileRef = CC5073041DDA5A9E00900B79 /* MapsViewController.swift */; };
		CC5073071DDA5A9E00900B79 /* SearchResultsController.swift in Sources */ = {isa = PBXBuildFile; fileRef = CC5073051DDA5A9E00900B79 /* SearchResultsController.swift */; };
		CC68408E1DF29658000F95BE /* DismissedReminderDetailViewController.swift in Sources */ = {isa = PBXBuildFile; fileRef = CC68408D1DF29658000F95BE /* DismissedReminderDetailViewController.swift */; };
		CC6840901DF29CD7000F95BE /* UpcomingReminderDetailViewController.swift in Sources */ = {isa = PBXBuildFile; fileRef = CC68408F1DF29CD7000F95BE /* UpcomingReminderDetailViewController.swift */; };
		CC6840921DF2A411000F95BE /* ActiveReminderDetailViewController.swift in Sources */ = {isa = PBXBuildFile; fileRef = CC6840911DF2A411000F95BE /* ActiveReminderDetailViewController.swift */; };
		CCB4EB9A1DEA1F54005174A7 /* UpdateViewController.swift in Sources */ = {isa = PBXBuildFile; fileRef = CCB4EB991DEA1F54005174A7 /* UpdateViewController.swift */; };
		CCBB39081DEECA890082A6D5 /* ReminderDetailViewController.swift in Sources */ = {isa = PBXBuildFile; fileRef = CCBB39071DEECA890082A6D5 /* ReminderDetailViewController.swift */; };
		CCC2A3381DE6849800705BAA /* Autocomplete.storyboard in Resources */ = {isa = PBXBuildFile; fileRef = CCC2A32F1DE6849800705BAA /* Autocomplete.storyboard */; };
		CCC2A3391DE6849800705BAA /* Autocomplete.swift in Sources */ = {isa = PBXBuildFile; fileRef = CCC2A3301DE6849800705BAA /* Autocomplete.swift */; };
		CCC2A33A1DE6849800705BAA /* AutoCompleteCell.swift in Sources */ = {isa = PBXBuildFile; fileRef = CCC2A3311DE6849800705BAA /* AutoCompleteCell.swift */; };
		CCC2A33B1DE6849800705BAA /* AutocompleteCellData.swift in Sources */ = {isa = PBXBuildFile; fileRef = CCC2A3321DE6849800705BAA /* AutocompleteCellData.swift */; };
		CCC2A33C1DE6849800705BAA /* AutocompleteDelegate.swift in Sources */ = {isa = PBXBuildFile; fileRef = CCC2A3331DE6849800705BAA /* AutocompleteDelegate.swift */; };
		CCC2A33D1DE6849800705BAA /* AutoCompleteViewController.swift in Sources */ = {isa = PBXBuildFile; fileRef = CCC2A3341DE6849800705BAA /* AutoCompleteViewController.swift */; };
		CCC2A33E1DE6849800705BAA /* DefaultAutoCompleteCell.xib in Resources */ = {isa = PBXBuildFile; fileRef = CCC2A3351DE6849800705BAA /* DefaultAutoCompleteCell.xib */; };
		CCC2A33F1DE6849800705BAA /* TableViewDatasource.swift in Sources */ = {isa = PBXBuildFile; fileRef = CCC2A3361DE6849800705BAA /* TableViewDatasource.swift */; };
		CCC2A3401DE6849800705BAA /* TableViewDelegate.swift in Sources */ = {isa = PBXBuildFile; fileRef = CCC2A3371DE6849800705BAA /* TableViewDelegate.swift */; };
		CCC6AA571DEB66DB004D5978 /* ContactsViewController.swift in Sources */ = {isa = PBXBuildFile; fileRef = CCC6AA561DEB66DB004D5978 /* ContactsViewController.swift */; };
		CE2433131DEE3987005A55D1 /* ActiveRemindersViewController.swift in Sources */ = {isa = PBXBuildFile; fileRef = CE2433101DEE3987005A55D1 /* ActiveRemindersViewController.swift */; };
		CE2433141DEE3987005A55D1 /* DismissedRemindersViewController.swift in Sources */ = {isa = PBXBuildFile; fileRef = CE2433111DEE3987005A55D1 /* DismissedRemindersViewController.swift */; };
		CE2433151DEE3987005A55D1 /* UpcomingRemindersViewController.swift in Sources */ = {isa = PBXBuildFile; fileRef = CE2433121DEE3987005A55D1 /* UpcomingRemindersViewController.swift */; };
		CEA881321DBE6FCB00AA37D8 /* AppDelegate.swift in Sources */ = {isa = PBXBuildFile; fileRef = CEA881311DBE6FCB00AA37D8 /* AppDelegate.swift */; };
		CEA881341DBE6FCB00AA37D8 /* ViewController.swift in Sources */ = {isa = PBXBuildFile; fileRef = CEA881331DBE6FCB00AA37D8 /* ViewController.swift */; };
		CEA881371DBE6FCB00AA37D8 /* Main.storyboard in Resources */ = {isa = PBXBuildFile; fileRef = CEA881351DBE6FCB00AA37D8 /* Main.storyboard */; };
		CEA8813A1DBE6FCB00AA37D8 /* Remind_Me.xcdatamodeld in Sources */ = {isa = PBXBuildFile; fileRef = CEA881381DBE6FCB00AA37D8 /* Remind_Me.xcdatamodeld */; };
		CEA8813C1DBE6FCB00AA37D8 /* Assets.xcassets in Resources */ = {isa = PBXBuildFile; fileRef = CEA8813B1DBE6FCB00AA37D8 /* Assets.xcassets */; };
		CEA8813F1DBE6FCB00AA37D8 /* LaunchScreen.storyboard in Resources */ = {isa = PBXBuildFile; fileRef = CEA8813D1DBE6FCB00AA37D8 /* LaunchScreen.storyboard */; };
		CEC594351DC517C20061A6DA /* RegisterViewController.swift in Sources */ = {isa = PBXBuildFile; fileRef = CEC594341DC517C20061A6DA /* RegisterViewController.swift */; };
		CEC594371DC521DD0061A6DA /* HomeViewController.swift in Sources */ = {isa = PBXBuildFile; fileRef = CEC594361DC521DD0061A6DA /* HomeViewController.swift */; };
		CEDC2D1C1DCE4C6F007AF322 /* Reminder.swift in Sources */ = {isa = PBXBuildFile; fileRef = CEDC2D1B1DCE4C6F007AF322 /* Reminder.swift */; };
		CEDC2D1E1DCE5B9A007AF322 /* UserBasedRemindersViewController.swift in Sources */ = {isa = PBXBuildFile; fileRef = CEDC2D1D1DCE5B9A007AF322 /* UserBasedRemindersViewController.swift */; };
		CEDC2D201DCE5BC4007AF322 /* LandmarkBasedRemindersViewController.swift in Sources */ = {isa = PBXBuildFile; fileRef = CEDC2D1F1DCE5BC4007AF322 /* LandmarkBasedRemindersViewController.swift */; };
		CEE89C861DC50DBB000DD80B /* GoogleService-Info.plist in Resources */ = {isa = PBXBuildFile; fileRef = CEE89C851DC50DBB000DD80B /* GoogleService-Info.plist */; };
/* End PBXBuildFile section */

/* Begin PBXFileReference section */
		0A4FC5618B4CC319DD623D14 /* Pods_Remind_Me.framework */ = {isa = PBXFileReference; explicitFileType = wrapper.framework; includeInIndex = 0; path = Pods_Remind_Me.framework; sourceTree = BUILT_PRODUCTS_DIR; };
		2B334C8EE58D828184840E2B /* Pods-Remind_Me.debug.xcconfig */ = {isa = PBXFileReference; includeInIndex = 1; lastKnownFileType = text.xcconfig; name = "Pods-Remind_Me.debug.xcconfig"; path = "Pods/Target Support Files/Pods-Remind_Me/Pods-Remind_Me.debug.xcconfig"; sourceTree = "<group>"; };
		3565C6EFC8AB34B7C16F9E99 /* Pods-Remind_Me.release.xcconfig */ = {isa = PBXFileReference; includeInIndex = 1; lastKnownFileType = text.xcconfig; name = "Pods-Remind_Me.release.xcconfig"; path = "Pods/Target Support Files/Pods-Remind_Me/Pods-Remind_Me.release.xcconfig"; sourceTree = "<group>"; };
		CC5073041DDA5A9E00900B79 /* MapsViewController.swift */ = {isa = PBXFileReference; fileEncoding = 4; lastKnownFileType = sourcecode.swift; path = MapsViewController.swift; sourceTree = "<group>"; };
		CC5073051DDA5A9E00900B79 /* SearchResultsController.swift */ = {isa = PBXFileReference; fileEncoding = 4; lastKnownFileType = sourcecode.swift; path = SearchResultsController.swift; sourceTree = "<group>"; };
		CC68408D1DF29658000F95BE /* DismissedReminderDetailViewController.swift */ = {isa = PBXFileReference; fileEncoding = 4; lastKnownFileType = sourcecode.swift; path = DismissedReminderDetailViewController.swift; sourceTree = "<group>"; };
		CC68408F1DF29CD7000F95BE /* UpcomingReminderDetailViewController.swift */ = {isa = PBXFileReference; fileEncoding = 4; lastKnownFileType = sourcecode.swift; path = UpcomingReminderDetailViewController.swift; sourceTree = "<group>"; };
		CC6840911DF2A411000F95BE /* ActiveReminderDetailViewController.swift */ = {isa = PBXFileReference; fileEncoding = 4; lastKnownFileType = sourcecode.swift; path = ActiveReminderDetailViewController.swift; sourceTree = "<group>"; };
		CCB4EB991DEA1F54005174A7 /* UpdateViewController.swift */ = {isa = PBXFileReference; fileEncoding = 4; lastKnownFileType = sourcecode.swift; path = UpdateViewController.swift; sourceTree = "<group>"; };
		CCBB39071DEECA890082A6D5 /* ReminderDetailViewController.swift */ = {isa = PBXFileReference; fileEncoding = 4; lastKnownFileType = sourcecode.swift; path = ReminderDetailViewController.swift; sourceTree = "<group>"; };
		CCC2A32F1DE6849800705BAA /* Autocomplete.storyboard */ = {isa = PBXFileReference; fileEncoding = 4; lastKnownFileType = file.storyboard; path = Autocomplete.storyboard; sourceTree = "<group>"; };
		CCC2A3301DE6849800705BAA /* Autocomplete.swift */ = {isa = PBXFileReference; fileEncoding = 4; lastKnownFileType = sourcecode.swift; path = Autocomplete.swift; sourceTree = "<group>"; };
		CCC2A3311DE6849800705BAA /* AutoCompleteCell.swift */ = {isa = PBXFileReference; fileEncoding = 4; lastKnownFileType = sourcecode.swift; path = AutoCompleteCell.swift; sourceTree = "<group>"; };
		CCC2A3321DE6849800705BAA /* AutocompleteCellData.swift */ = {isa = PBXFileReference; fileEncoding = 4; lastKnownFileType = sourcecode.swift; path = AutocompleteCellData.swift; sourceTree = "<group>"; };
		CCC2A3331DE6849800705BAA /* AutocompleteDelegate.swift */ = {isa = PBXFileReference; fileEncoding = 4; lastKnownFileType = sourcecode.swift; path = AutocompleteDelegate.swift; sourceTree = "<group>"; };
		CCC2A3341DE6849800705BAA /* AutoCompleteViewController.swift */ = {isa = PBXFileReference; fileEncoding = 4; lastKnownFileType = sourcecode.swift; path = AutoCompleteViewController.swift; sourceTree = "<group>"; };
		CCC2A3351DE6849800705BAA /* DefaultAutoCompleteCell.xib */ = {isa = PBXFileReference; fileEncoding = 4; lastKnownFileType = file.xib; path = DefaultAutoCompleteCell.xib; sourceTree = "<group>"; };
		CCC2A3361DE6849800705BAA /* TableViewDatasource.swift */ = {isa = PBXFileReference; fileEncoding = 4; lastKnownFileType = sourcecode.swift; path = TableViewDatasource.swift; sourceTree = "<group>"; };
		CCC2A3371DE6849800705BAA /* TableViewDelegate.swift */ = {isa = PBXFileReference; fileEncoding = 4; lastKnownFileType = sourcecode.swift; path = TableViewDelegate.swift; sourceTree = "<group>"; };
		CCC6AA561DEB66DB004D5978 /* ContactsViewController.swift */ = {isa = PBXFileReference; fileEncoding = 4; lastKnownFileType = sourcecode.swift; path = ContactsViewController.swift; sourceTree = "<group>"; };
		CE2433101DEE3987005A55D1 /* ActiveRemindersViewController.swift */ = {isa = PBXFileReference; fileEncoding = 4; lastKnownFileType = sourcecode.swift; path = ActiveRemindersViewController.swift; sourceTree = "<group>"; };
		CE2433111DEE3987005A55D1 /* DismissedRemindersViewController.swift */ = {isa = PBXFileReference; fileEncoding = 4; lastKnownFileType = sourcecode.swift; path = DismissedRemindersViewController.swift; sourceTree = "<group>"; };
		CE2433121DEE3987005A55D1 /* UpcomingRemindersViewController.swift */ = {isa = PBXFileReference; fileEncoding = 4; lastKnownFileType = sourcecode.swift; path = UpcomingRemindersViewController.swift; sourceTree = "<group>"; };
		CEA8812E1DBE6FCA00AA37D8 /* Remind_Me.app */ = {isa = PBXFileReference; explicitFileType = wrapper.application; includeInIndex = 0; path = Remind_Me.app; sourceTree = BUILT_PRODUCTS_DIR; };
		CEA881311DBE6FCB00AA37D8 /* AppDelegate.swift */ = {isa = PBXFileReference; lastKnownFileType = sourcecode.swift; path = AppDelegate.swift; sourceTree = "<group>"; };
		CEA881331DBE6FCB00AA37D8 /* ViewController.swift */ = {isa = PBXFileReference; lastKnownFileType = sourcecode.swift; path = ViewController.swift; sourceTree = "<group>"; };
		CEA881361DBE6FCB00AA37D8 /* Base */ = {isa = PBXFileReference; lastKnownFileType = file.storyboard; name = Base; path = Base.lproj/Main.storyboard; sourceTree = "<group>"; };
		CEA881391DBE6FCB00AA37D8 /* Remind_Me.xcdatamodel */ = {isa = PBXFileReference; lastKnownFileType = wrapper.xcdatamodel; path = Remind_Me.xcdatamodel; sourceTree = "<group>"; };
		CEA8813B1DBE6FCB00AA37D8 /* Assets.xcassets */ = {isa = PBXFileReference; lastKnownFileType = folder.assetcatalog; path = Assets.xcassets; sourceTree = "<group>"; };
		CEA8813E1DBE6FCB00AA37D8 /* Base */ = {isa = PBXFileReference; lastKnownFileType = file.storyboard; name = Base; path = Base.lproj/LaunchScreen.storyboard; sourceTree = "<group>"; };
		CEA881401DBE6FCB00AA37D8 /* Info.plist */ = {isa = PBXFileReference; lastKnownFileType = text.plist.xml; path = Info.plist; sourceTree = "<group>"; };
		CEC594341DC517C20061A6DA /* RegisterViewController.swift */ = {isa = PBXFileReference; fileEncoding = 4; lastKnownFileType = sourcecode.swift; path = RegisterViewController.swift; sourceTree = "<group>"; };
		CEC594361DC521DD0061A6DA /* HomeViewController.swift */ = {isa = PBXFileReference; fileEncoding = 4; lastKnownFileType = sourcecode.swift; path = HomeViewController.swift; sourceTree = "<group>"; };
		CEC594381DC52DB90061A6DA /* Remind_Me.entitlements */ = {isa = PBXFileReference; lastKnownFileType = text.plist.entitlements; path = Remind_Me.entitlements; sourceTree = "<group>"; };
		CEDC2D1B1DCE4C6F007AF322 /* Reminder.swift */ = {isa = PBXFileReference; fileEncoding = 4; lastKnownFileType = sourcecode.swift; path = Reminder.swift; sourceTree = "<group>"; };
		CEDC2D1D1DCE5B9A007AF322 /* UserBasedRemindersViewController.swift */ = {isa = PBXFileReference; fileEncoding = 4; lastKnownFileType = sourcecode.swift; path = UserBasedRemindersViewController.swift; sourceTree = "<group>"; };
		CEDC2D1F1DCE5BC4007AF322 /* LandmarkBasedRemindersViewController.swift */ = {isa = PBXFileReference; fileEncoding = 4; lastKnownFileType = sourcecode.swift; path = LandmarkBasedRemindersViewController.swift; sourceTree = "<group>"; };
		CEE89C851DC50DBB000DD80B /* GoogleService-Info.plist */ = {isa = PBXFileReference; fileEncoding = 4; lastKnownFileType = text.plist.xml; name = "GoogleService-Info.plist"; path = "Remind_Me/GoogleService-Info.plist"; sourceTree = "<group>"; };
/* End PBXFileReference section */

/* Begin PBXFrameworksBuildPhase section */
		CEA8812B1DBE6FCA00AA37D8 /* Frameworks */ = {
			isa = PBXFrameworksBuildPhase;
			buildActionMask = 2147483647;
			files = (
				104805240C530370118511E4 /* Pods_Remind_Me.framework in Frameworks */,
			);
			runOnlyForDeploymentPostprocessing = 0;
		};
/* End PBXFrameworksBuildPhase section */

/* Begin PBXGroup section */
		05338161134BE297AB4C73D0 /* Frameworks */ = {
			isa = PBXGroup;
			children = (
				0A4FC5618B4CC319DD623D14 /* Pods_Remind_Me.framework */,
			);
			name = Frameworks;
			sourceTree = "<group>";
		};
		595BB1A5DD7520A9768B414A /* Pods */ = {
			isa = PBXGroup;
			children = (
				2B334C8EE58D828184840E2B /* Pods-Remind_Me.debug.xcconfig */,
				3565C6EFC8AB34B7C16F9E99 /* Pods-Remind_Me.release.xcconfig */,
			);
			name = Pods;
			sourceTree = "<group>";
		};
		CEA881251DBE6FC900AA37D8 = {
			isa = PBXGroup;
			children = (
				CEE89C851DC50DBB000DD80B /* GoogleService-Info.plist */,
				CEA881301DBE6FCA00AA37D8 /* Remind_Me */,
				CEA8812F1DBE6FCA00AA37D8 /* Products */,
				595BB1A5DD7520A9768B414A /* Pods */,
				05338161134BE297AB4C73D0 /* Frameworks */,
			);
			sourceTree = "<group>";
		};
		CEA8812F1DBE6FCA00AA37D8 /* Products */ = {
			isa = PBXGroup;
			children = (
				CEA8812E1DBE6FCA00AA37D8 /* Remind_Me.app */,
			);
			name = Products;
			sourceTree = "<group>";
		};
		CEA881301DBE6FCA00AA37D8 /* Remind_Me */ = {
			isa = PBXGroup;
			children = (
				CEC594381DC52DB90061A6DA /* Remind_Me.entitlements */,
				CEA881401DBE6FCB00AA37D8 /* Info.plist */,
				CCC2A32F1DE6849800705BAA /* Autocomplete.storyboard */,
				CE2433101DEE3987005A55D1 /* ActiveRemindersViewController.swift */,
				CEA881311DBE6FCB00AA37D8 /* AppDelegate.swift */,
				CCC2A3301DE6849800705BAA /* Autocomplete.swift */,
				CCC2A3311DE6849800705BAA /* AutoCompleteCell.swift */,
				CCC2A3321DE6849800705BAA /* AutocompleteCellData.swift */,
				CCC2A3331DE6849800705BAA /* AutocompleteDelegate.swift */,
				CCC2A3341DE6849800705BAA /* AutoCompleteViewController.swift */,
				CCC6AA561DEB66DB004D5978 /* ContactsViewController.swift */,
				CE2433111DEE3987005A55D1 /* DismissedRemindersViewController.swift */,
				CEC594361DC521DD0061A6DA /* HomeViewController.swift */,
				CEDC2D1F1DCE5BC4007AF322 /* LandmarkBasedRemindersViewController.swift */,
				CC5073041DDA5A9E00900B79 /* MapsViewController.swift */,
				CEC594341DC517C20061A6DA /* RegisterViewController.swift */,
				CEDC2D1B1DCE4C6F007AF322 /* Reminder.swift */,
				CCBB39071DEECA890082A6D5 /* ReminderDetailViewController.swift */,
				CC68408D1DF29658000F95BE /* DismissedReminderDetailViewController.swift */,
				CC68408F1DF29CD7000F95BE /* UpcomingReminderDetailViewController.swift */,
				CC6840911DF2A411000F95BE /* ActiveReminderDetailViewController.swift */,
				CC5073051DDA5A9E00900B79 /* SearchResultsController.swift */,
				CCC2A3361DE6849800705BAA /* TableViewDatasource.swift */,
				CCC2A3371DE6849800705BAA /* TableViewDelegate.swift */,
				CE2433121DEE3987005A55D1 /* UpcomingRemindersViewController.swift */,
				CCB4EB991DEA1F54005174A7 /* UpdateViewController.swift */,
				CEDC2D1D1DCE5B9A007AF322 /* UserBasedRemindersViewController.swift */,
				CEA881331DBE6FCB00AA37D8 /* ViewController.swift */,
				CEA8813B1DBE6FCB00AA37D8 /* Assets.xcassets */,
				CCC2A3351DE6849800705BAA /* DefaultAutoCompleteCell.xib */,
				CEA8813D1DBE6FCB00AA37D8 /* LaunchScreen.storyboard */,
				CEA881351DBE6FCB00AA37D8 /* Main.storyboard */,
				CEA881381DBE6FCB00AA37D8 /* Remind_Me.xcdatamodeld */,
			);
			path = Remind_Me;
			sourceTree = "<group>";
		};
/* End PBXGroup section */

/* Begin PBXNativeTarget section */
		CEA8812D1DBE6FCA00AA37D8 /* Remind_Me */ = {
			isa = PBXNativeTarget;
			buildConfigurationList = CEA881431DBE6FCB00AA37D8 /* Build configuration list for PBXNativeTarget "Remind_Me" */;
			buildPhases = (
				17CFB7E31719C6FDD521AF12 /* [CP] Check Pods Manifest.lock */,
				CEA8812A1DBE6FCA00AA37D8 /* Sources */,
				CEA8812B1DBE6FCA00AA37D8 /* Frameworks */,
				CEA8812C1DBE6FCA00AA37D8 /* Resources */,
				FD088C6C30C703BF56808B3A /* [CP] Embed Pods Frameworks */,
				890CBD5F5ED250799FFA3D9B /* [CP] Copy Pods Resources */,
			);
			buildRules = (
			);
			dependencies = (
			);
			name = Remind_Me;
			productName = Remind_Me;
			productReference = CEA8812E1DBE6FCA00AA37D8 /* Remind_Me.app */;
			productType = "com.apple.product-type.application";
		};
/* End PBXNativeTarget section */

/* Begin PBXProject section */
		CEA881261DBE6FC900AA37D8 /* Project object */ = {
			isa = PBXProject;
			attributes = {
				LastSwiftUpdateCheck = 0800;
				LastUpgradeCheck = 0820;
				ORGANIZATIONNAME = "Avinash Talreja";
				TargetAttributes = {
					CEA8812D1DBE6FCA00AA37D8 = {
						CreatedOnToolsVersion = 8.0;
						DevelopmentTeam = 625732G463;
						ProvisioningStyle = Automatic;
						SystemCapabilities = {
							com.apple.BackgroundModes = {
								enabled = 1;
							};
							com.apple.Keychain = {
								enabled = 1;
							};
							com.apple.Push = {
								enabled = 0;
							};
						};
					};
				};
			};
			buildConfigurationList = CEA881291DBE6FC900AA37D8 /* Build configuration list for PBXProject "Remind_Me" */;
			compatibilityVersion = "Xcode 3.2";
			developmentRegion = English;
			hasScannedForEncodings = 0;
			knownRegions = (
				en,
				Base,
			);
			mainGroup = CEA881251DBE6FC900AA37D8;
			productRefGroup = CEA8812F1DBE6FCA00AA37D8 /* Products */;
			projectDirPath = "";
			projectRoot = "";
			targets = (
				CEA8812D1DBE6FCA00AA37D8 /* Remind_Me */,
			);
		};
/* End PBXProject section */

/* Begin PBXResourcesBuildPhase section */
		CEA8812C1DBE6FCA00AA37D8 /* Resources */ = {
			isa = PBXResourcesBuildPhase;
			buildActionMask = 2147483647;
			files = (
				CEA8813F1DBE6FCB00AA37D8 /* LaunchScreen.storyboard in Resources */,
				CEE89C861DC50DBB000DD80B /* GoogleService-Info.plist in Resources */,
				CEA8813C1DBE6FCB00AA37D8 /* Assets.xcassets in Resources */,
				CCC2A33E1DE6849800705BAA /* DefaultAutoCompleteCell.xib in Resources */,
				CCC2A3381DE6849800705BAA /* Autocomplete.storyboard in Resources */,
				CEA881371DBE6FCB00AA37D8 /* Main.storyboard in Resources */,
			);
			runOnlyForDeploymentPostprocessing = 0;
		};
/* End PBXResourcesBuildPhase section */

/* Begin PBXShellScriptBuildPhase section */
		17CFB7E31719C6FDD521AF12 /* [CP] Check Pods Manifest.lock */ = {
			isa = PBXShellScriptBuildPhase;
			buildActionMask = 2147483647;
			files = (
			);
			inputPaths = (
			);
			name = "[CP] Check Pods Manifest.lock";
			outputPaths = (
			);
			runOnlyForDeploymentPostprocessing = 0;
			shellPath = /bin/sh;
			shellScript = "diff \"${PODS_ROOT}/../Podfile.lock\" \"${PODS_ROOT}/Manifest.lock\" > /dev/null\nif [ $? != 0 ] ; then\n    # print error to STDERR\n    echo \"error: The sandbox is not in sync with the Podfile.lock. Run 'pod install' or update your CocoaPods installation.\" >&2\n    exit 1\nfi\n";
			showEnvVarsInLog = 0;
		};
		890CBD5F5ED250799FFA3D9B /* [CP] Copy Pods Resources */ = {
			isa = PBXShellScriptBuildPhase;
			buildActionMask = 2147483647;
			files = (
			);
			inputPaths = (
			);
			name = "[CP] Copy Pods Resources";
			outputPaths = (
			);
			runOnlyForDeploymentPostprocessing = 0;
			shellPath = /bin/sh;
			shellScript = "\"${SRCROOT}/Pods/Target Support Files/Pods-Remind_Me/Pods-Remind_Me-resources.sh\"\n";
			showEnvVarsInLog = 0;
		};
		FD088C6C30C703BF56808B3A /* [CP] Embed Pods Frameworks */ = {
			isa = PBXShellScriptBuildPhase;
			buildActionMask = 2147483647;
			files = (
			);
			inputPaths = (
			);
			name = "[CP] Embed Pods Frameworks";
			outputPaths = (
			);
			runOnlyForDeploymentPostprocessing = 0;
			shellPath = /bin/sh;
			shellScript = "\"${SRCROOT}/Pods/Target Support Files/Pods-Remind_Me/Pods-Remind_Me-frameworks.sh\"\n";
			showEnvVarsInLog = 0;
		};
/* End PBXShellScriptBuildPhase section */

/* Begin PBXSourcesBuildPhase section */
		CEA8812A1DBE6FCA00AA37D8 /* Sources */ = {
			isa = PBXSourcesBuildPhase;
			buildActionMask = 2147483647;
			files = (
				CC5073061DDA5A9E00900B79 /* MapsViewController.swift in Sources */,
				CEC594371DC521DD0061A6DA /* HomeViewController.swift in Sources */,
				CCC2A33F1DE6849800705BAA /* TableViewDatasource.swift in Sources */,
				CCC6AA571DEB66DB004D5978 /* ContactsViewController.swift in Sources */,
				CE2433141DEE3987005A55D1 /* DismissedRemindersViewController.swift in Sources */,
				CEDC2D1E1DCE5B9A007AF322 /* UserBasedRemindersViewController.swift in Sources */,
				CCC2A33A1DE6849800705BAA /* AutoCompleteCell.swift in Sources */,
				CEA881341DBE6FCB00AA37D8 /* ViewController.swift in Sources */,
				CCC2A33B1DE6849800705BAA /* AutocompleteCellData.swift in Sources */,
				CCC2A33C1DE6849800705BAA /* AutocompleteDelegate.swift in Sources */,
				CEA881321DBE6FCB00AA37D8 /* AppDelegate.swift in Sources */,
				CCC2A3391DE6849800705BAA /* Autocomplete.swift in Sources */,
				CCC2A33D1DE6849800705BAA /* AutoCompleteViewController.swift in Sources */,
				CCB4EB9A1DEA1F54005174A7 /* UpdateViewController.swift in Sources */,
				CC6840901DF29CD7000F95BE /* UpcomingReminderDetailViewController.swift in Sources */,
				CEDC2D1C1DCE4C6F007AF322 /* Reminder.swift in Sources */,
				CCBB39081DEECA890082A6D5 /* ReminderDetailViewController.swift in Sources */,
				CE2433131DEE3987005A55D1 /* ActiveRemindersViewController.swift in Sources */,
				CE2433151DEE3987005A55D1 /* UpcomingRemindersViewController.swift in Sources */,
				CEA8813A1DBE6FCB00AA37D8 /* Remind_Me.xcdatamodeld in Sources */,
				CC68408E1DF29658000F95BE /* DismissedReminderDetailViewController.swift in Sources */,
				CEDC2D201DCE5BC4007AF322 /* LandmarkBasedRemindersViewController.swift in Sources */,
				CC5073071DDA5A9E00900B79 /* SearchResultsController.swift in Sources */,
				CC6840921DF2A411000F95BE /* ActiveReminderDetailViewController.swift in Sources */,
				CCC2A3401DE6849800705BAA /* TableViewDelegate.swift in Sources */,
				CEC594351DC517C20061A6DA /* RegisterViewController.swift in Sources */,
			);
			runOnlyForDeploymentPostprocessing = 0;
		};
/* End PBXSourcesBuildPhase section */

/* Begin PBXVariantGroup section */
		CEA881351DBE6FCB00AA37D8 /* Main.storyboard */ = {
			isa = PBXVariantGroup;
			children = (
				CEA881361DBE6FCB00AA37D8 /* Base */,
			);
			name = Main.storyboard;
			sourceTree = "<group>";
		};
		CEA8813D1DBE6FCB00AA37D8 /* LaunchScreen.storyboard */ = {
			isa = PBXVariantGroup;
			children = (
				CEA8813E1DBE6FCB00AA37D8 /* Base */,
			);
			name = LaunchScreen.storyboard;
			sourceTree = "<group>";
		};
/* End PBXVariantGroup section */

/* Begin XCBuildConfiguration section */
		CEA881411DBE6FCB00AA37D8 /* Debug */ = {
			isa = XCBuildConfiguration;
			buildSettings = {
				ALWAYS_SEARCH_USER_PATHS = NO;
				CLANG_ANALYZER_NONNULL = YES;
				CLANG_CXX_LANGUAGE_STANDARD = "gnu++0x";
				CLANG_CXX_LIBRARY = "libc++";
				CLANG_ENABLE_MODULES = YES;
				CLANG_ENABLE_OBJC_ARC = YES;
				CLANG_WARN_BOOL_CONVERSION = YES;
				CLANG_WARN_CONSTANT_CONVERSION = YES;
				CLANG_WARN_DIRECT_OBJC_ISA_USAGE = YES_ERROR;
				CLANG_WARN_DOCUMENTATION_COMMENTS = YES;
				CLANG_WARN_EMPTY_BODY = YES;
				CLANG_WARN_ENUM_CONVERSION = YES;
				CLANG_WARN_INFINITE_RECURSION = YES;
				CLANG_WARN_INT_CONVERSION = YES;
				CLANG_WARN_OBJC_ROOT_CLASS = YES_ERROR;
				CLANG_WARN_SUSPICIOUS_MOVE = YES;
				CLANG_WARN_SUSPICIOUS_MOVES = YES;
				CLANG_WARN_UNREACHABLE_CODE = YES;
				CLANG_WARN__DUPLICATE_METHOD_MATCH = YES;
				"CODE_SIGN_IDENTITY[sdk=iphoneos*]" = "iPhone Developer";
				COPY_PHASE_STRIP = NO;
				DEBUG_INFORMATION_FORMAT = dwarf;
				ENABLE_STRICT_OBJC_MSGSEND = YES;
				ENABLE_TESTABILITY = YES;
				GCC_C_LANGUAGE_STANDARD = gnu99;
				GCC_DYNAMIC_NO_PIC = NO;
				GCC_NO_COMMON_BLOCKS = YES;
				GCC_OPTIMIZATION_LEVEL = 0;
				GCC_PREPROCESSOR_DEFINITIONS = (
					"DEBUG=1",
					"$(inherited)",
				);
				GCC_WARN_64_TO_32_BIT_CONVERSION = YES;
				GCC_WARN_ABOUT_RETURN_TYPE = YES_ERROR;
				GCC_WARN_UNDECLARED_SELECTOR = YES;
				GCC_WARN_UNINITIALIZED_AUTOS = YES_AGGRESSIVE;
				GCC_WARN_UNUSED_FUNCTION = YES;
				GCC_WARN_UNUSED_VARIABLE = YES;
				IPHONEOS_DEPLOYMENT_TARGET = 10.0;
				MTL_ENABLE_DEBUG_INFO = YES;
				ONLY_ACTIVE_ARCH = YES;
				SDKROOT = iphoneos;
				SWIFT_ACTIVE_COMPILATION_CONDITIONS = DEBUG;
				SWIFT_OPTIMIZATION_LEVEL = "-Onone";
			};
			name = Debug;
		};
		CEA881421DBE6FCB00AA37D8 /* Release */ = {
			isa = XCBuildConfiguration;
			buildSettings = {
				ALWAYS_SEARCH_USER_PATHS = NO;
				CLANG_ANALYZER_NONNULL = YES;
				CLANG_CXX_LANGUAGE_STANDARD = "gnu++0x";
				CLANG_CXX_LIBRARY = "libc++";
				CLANG_ENABLE_MODULES = YES;
				CLANG_ENABLE_OBJC_ARC = YES;
				CLANG_WARN_BOOL_CONVERSION = YES;
				CLANG_WARN_CONSTANT_CONVERSION = YES;
				CLANG_WARN_DIRECT_OBJC_ISA_USAGE = YES_ERROR;
				CLANG_WARN_DOCUMENTATION_COMMENTS = YES;
				CLANG_WARN_EMPTY_BODY = YES;
				CLANG_WARN_ENUM_CONVERSION = YES;
				CLANG_WARN_INFINITE_RECURSION = YES;
				CLANG_WARN_INT_CONVERSION = YES;
				CLANG_WARN_OBJC_ROOT_CLASS = YES_ERROR;
				CLANG_WARN_SUSPICIOUS_MOVE = YES;
				CLANG_WARN_SUSPICIOUS_MOVES = YES;
				CLANG_WARN_UNREACHABLE_CODE = YES;
				CLANG_WARN__DUPLICATE_METHOD_MATCH = YES;
				"CODE_SIGN_IDENTITY[sdk=iphoneos*]" = "iPhone Developer";
				COPY_PHASE_STRIP = NO;
				DEBUG_INFORMATION_FORMAT = "dwarf-with-dsym";
				ENABLE_NS_ASSERTIONS = NO;
				ENABLE_STRICT_OBJC_MSGSEND = YES;
				GCC_C_LANGUAGE_STANDARD = gnu99;
				GCC_NO_COMMON_BLOCKS = YES;
				GCC_WARN_64_TO_32_BIT_CONVERSION = YES;
				GCC_WARN_ABOUT_RETURN_TYPE = YES_ERROR;
				GCC_WARN_UNDECLARED_SELECTOR = YES;
				GCC_WARN_UNINITIALIZED_AUTOS = YES_AGGRESSIVE;
				GCC_WARN_UNUSED_FUNCTION = YES;
				GCC_WARN_UNUSED_VARIABLE = YES;
				IPHONEOS_DEPLOYMENT_TARGET = 10.0;
				MTL_ENABLE_DEBUG_INFO = NO;
				SDKROOT = iphoneos;
				SWIFT_OPTIMIZATION_LEVEL = "-Owholemodule";
				VALIDATE_PRODUCT = YES;
			};
			name = Release;
		};
		CEA881441DBE6FCB00AA37D8 /* Debug */ = {
			isa = XCBuildConfiguration;
			baseConfigurationReference = 2B334C8EE58D828184840E2B /* Pods-Remind_Me.debug.xcconfig */;
			buildSettings = {
				ALWAYS_EMBED_SWIFT_STANDARD_LIBRARIES = YES;
				ASSETCATALOG_COMPILER_APPICON_NAME = AppIcon;
				CODE_SIGN_ENTITLEMENTS = Remind_Me/Remind_Me.entitlements;
				DEVELOPMENT_TEAM = 625732G463;
				INFOPLIST_FILE = Remind_Me/Info.plist;
				LD_RUNPATH_SEARCH_PATHS = "$(inherited) @executable_path/Frameworks";
				PRODUCT_BUNDLE_IDENTIFIER = "edu.uiowa.Remind-Me";
				PRODUCT_NAME = "$(TARGET_NAME)";
				SWIFT_VERSION = 3.0;
				TARGETED_DEVICE_FAMILY = 1;
			};
			name = Debug;
		};
		CEA881451DBE6FCB00AA37D8 /* Release */ = {
			isa = XCBuildConfiguration;
			baseConfigurationReference = 3565C6EFC8AB34B7C16F9E99 /* Pods-Remind_Me.release.xcconfig */;
			buildSettings = {
				ALWAYS_EMBED_SWIFT_STANDARD_LIBRARIES = YES;
				ASSETCATALOG_COMPILER_APPICON_NAME = AppIcon;
				CODE_SIGN_ENTITLEMENTS = Remind_Me/Remind_Me.entitlements;
				DEVELOPMENT_TEAM = 625732G463;
				INFOPLIST_FILE = Remind_Me/Info.plist;
				LD_RUNPATH_SEARCH_PATHS = "$(inherited) @executable_path/Frameworks";
				PRODUCT_BUNDLE_IDENTIFIER = "edu.uiowa.Remind-Me";
				PRODUCT_NAME = "$(TARGET_NAME)";
				SWIFT_VERSION = 3.0;
				TARGETED_DEVICE_FAMILY = 1;
			};
			name = Release;
		};
/* End XCBuildConfiguration section */

/* Begin XCConfigurationList section */
		CEA881291DBE6FC900AA37D8 /* Build configuration list for PBXProject "Remind_Me" */ = {
			isa = XCConfigurationList;
			buildConfigurations = (
				CEA881411DBE6FCB00AA37D8 /* Debug */,
				CEA881421DBE6FCB00AA37D8 /* Release */,
			);
			defaultConfigurationIsVisible = 0;
			defaultConfigurationName = Release;
		};
		CEA881431DBE6FCB00AA37D8 /* Build configuration list for PBXNativeTarget "Remind_Me" */ = {
			isa = XCConfigurationList;
			buildConfigurations = (
				CEA881441DBE6FCB00AA37D8 /* Debug */,
				CEA881451DBE6FCB00AA37D8 /* Release */,
			);
			defaultConfigurationIsVisible = 0;
			defaultConfigurationName = Release;
		};
/* End XCConfigurationList section */

/* Begin XCVersionGroup section */
		CEA881381DBE6FCB00AA37D8 /* Remind_Me.xcdatamodeld */ = {
			isa = XCVersionGroup;
			children = (
				CEA881391DBE6FCB00AA37D8 /* Remind_Me.xcdatamodel */,
			);
			currentVersion = CEA881391DBE6FCB00AA37D8 /* Remind_Me.xcdatamodel */;
			path = Remind_Me.xcdatamodeld;
			sourceTree = "<group>";
			versionGroupType = wrapper.xcdatamodel;
		};
/* End XCVersionGroup section */
	};
	rootObject = CEA881261DBE6FC900AA37D8 /* Project object */;
}
